
Microsoft Visual Studio Solution File, Format Version 12.00
# Visual Studio 15
VisualStudioVersion = 15.0.28307.329
MinimumVisualStudioVersion = 10.0.40219.1
Project("{9A19103F-16F7-4668-BE54-9A1E7A4F7556}") = "WordCounter", "WordCounter\WordCounter.csproj", "{DF46B353-45F7-4DE9-800D-5E0A02A786AA}"
EndProject
Project("{9A19103F-16F7-4668-BE54-9A1E7A4F7556}") = "WordCounter.Tests", "WordCounter.Tests\WordCounter.Tests.csproj", "{E00941EC-161E-4C31-A999-3778EBFBF3B3}"
EndProject
Global
	GlobalSection(SolutionConfigurationPlatforms) = preSolution
		Debug|Any CPU = Debug|Any CPU
		Release|Any CPU = Release|Any CPU
	EndGlobalSection
	GlobalSection(ProjectConfigurationPlatforms) = postSolution
		{DF46B353-45F7-4DE9-800D-5E0A02A786AA}.Debug|Any CPU.ActiveCfg = Debug|Any CPU
		{DF46B353-45F7-4DE9-800D-5E0A02A786AA}.Debug|Any CPU.Build.0 = Debug|Any CPU
		{DF46B353-45F7-4DE9-800D-5E0A02A786AA}.Release|Any CPU.ActiveCfg = Release|Any CPU
		{DF46B353-45F7-4DE9-800D-5E0A02A786AA}.Release|Any CPU.Build.0 = Release|Any CPU
		{E00941EC-161E-4C31-A999-3778EBFBF3B3}.Debug|Any CPU.ActiveCfg = Debug|Any CPU
		{E00941EC-161E-4C31-A999-3778EBFBF3B3}.Debug|Any CPU.Build.0 = Debug|Any CPU
		{E00941EC-161E-4C31-A999-3778EBFBF3B3}.Release|Any CPU.ActiveCfg = Release|Any CPU
		{E00941EC-161E-4C31-A999-3778EBFBF3B3}.Release|Any CPU.Build.0 = Release|Any CPU
	EndGlobalSection
	GlobalSection(SolutionProperties) = preSolution
		HideSolutionNode = FALSE
	EndGlobalSection
	GlobalSection(ExtensibilityGlobals) = postSolution
		SolutionGuid = {B2E30744-840D-46D4-9568-B8A332DEEE43}
	EndGlobalSection
EndGlobal
